PODS:
  - Alamofire (4.7.2)
  - AlamofireObjectMapper (5.1.0):
    - Alamofire (~> 4.1)
    - ObjectMapper (~> 3.3)
  - Atributika (4.4.3)
  - FavIcon (3.0.3)
  - JGProgressHUD (2.0.3)
  - lottie-ios (2.5.0)
  - ObjectMapper (3.3.0)
  - SwiftLint (0.25.1)

DEPENDENCIES:
  - Alamofire (~> 4.7)
  - AlamofireObjectMapper (~> 5.0)
  - Atributika (~> 4.4.1)
  - FavIcon (~> 3.0.0)
  - JGProgressHUD
  - lottie-ios
  - SwiftLint (~> 0.25.0)

SPEC REPOS:
  https://github.com/cocoapods/specs.git:
    - Alamofire
    - AlamofireObjectMapper
    - Atributika
    - FavIcon
    - JGProgressHUD
    - lottie-ios
    - ObjectMapper
    - SwiftLint

SPEC CHECKSUMS:
  Alamofire: e4fa87002c137ba2d8d634d2c51fabcda0d5c223
  AlamofireObjectMapper: 3395e698901d8b0e6f48b7d0c43bd47875325102
  Atributika: c2ecee6c96af80c29d6ed1606e70fa137e51790f
  FavIcon: d574c025fb64c307d3246370baf838e3ae881edd
  JGProgressHUD: 12b20a8f4ffe05258f8635c1ab92816e451f904d
  lottie-ios: d699fdee68d7b63e721d949388b015fef1aaa4ac
  ObjectMapper: b612bf8c8e99c4dc0bb6013a51f7c27966ed5da9
  SwiftLint: ce933681be10c3266e82576dad676fa815a602e9

PODFILE CHECKSUM: 38c2301e2b93a4969d8b4e8006b0cafe15c48e23

COCOAPODS: 1.5.3
