PODS:
  - Alamofire (4.7.1)
  - AlamofireObjectMapper (5.0.0):
    - Alamofire (~> 4.1)
    - ObjectMapper (~> 3.0)
  - Atributika (4.4.1)
  - FavIcon (3.0.3)
  - ObjectMapper (3.1.0)
  - SwiftLint (0.25.0)

DEPENDENCIES:
  - Alamofire (~> 4.7)
  - AlamofireObjectMapper (~> 5.0)
  - Atributika (~> 4.4.1)
  - FavIcon (~> 3.0.0)
  - SwiftLint (~> 0.25.0)

SPEC CHECKSUMS:
  Alamofire: 68d7d521118d49c615a8d2214d87cdf525599d30
  AlamofireObjectMapper: 5fafc816351cbbc0d486611aaeba7461c0cbad49
  Atributika: 6c4d2a789a18ed64f2f5e7fe696da22973d8af0d
  FavIcon: d574c025fb64c307d3246370baf838e3ae881edd
  ObjectMapper: 20505058f54e5c3ca69e1d6de9897d152a5369a6
  SwiftLint: e14651157288e9e01d6e1a71db7014fb5744a8ea

PODFILE CHECKSUM: b1616e29254426ff7f6ef4b36ea064ed1a3be498

COCOAPODS: 1.4.0
