// !$*UTF8*$!
{
	archiveVersion = 1;
	classes = {
	};
	objectVersion = 48;
	objects = {

/* Begin PBXBuildFile section */
		0588A439E5DB888F1F5D3398 /* Pods_pamTests.framework in Frameworks */ = {isa = PBXBuildFile; fileRef = B85B07072178E68C00A0EF93 /* Pods_pamTests.framework */; };
		083D22562049FC3800977895 /* AppDelegate.swift in Sources */ = {isa = PBXBuildFile; fileRef = 083D22552049FC3800977895 /* AppDelegate.swift */; };
		083D22582049FC3800977895 /* FirstViewController.swift in Sources */ = {isa = PBXBuildFile; fileRef = 083D22572049FC3800977895 /* FirstViewController.swift */; };
		083D225D2049FC3800977895 /* Main.storyboard in Resources */ = {isa = PBXBuildFile; fileRef = 083D225B2049FC3800977895 /* Main.storyboard */; };
		083D225F2049FC3800977895 /* Assets.xcassets in Resources */ = {isa = PBXBuildFile; fileRef = 083D225E2049FC3800977895 /* Assets.xcassets */; };
		083D22622049FC3800977895 /* LaunchScreen.storyboard in Resources */ = {isa = PBXBuildFile; fileRef = 083D22602049FC3800977895 /* LaunchScreen.storyboard */; };
		083D226D2049FC3800977895 /* pamTests.swift in Sources */ = {isa = PBXBuildFile; fileRef = 083D226C2049FC3800977895 /* pamTests.swift */; };
		083D22782049FC3800977895 /* pamUITests.swift in Sources */ = {isa = PBXBuildFile; fileRef = 083D22772049FC3800977895 /* pamUITests.swift */; };
		0847C41F2052BF9C00D99E99 /* docs in Resources */ = {isa = PBXBuildFile; fileRef = 0847C41E2052BF9C00D99E99 /* docs */; };
		08541641204C271E00BC3EF1 /* .swiftlint.yml in Resources */ = {isa = PBXBuildFile; fileRef = 08541640204C271E00BC3EF1 /* .swiftlint.yml */; };
		087A393E20D2EC40005C956F /* Parser.swift in Sources */ = {isa = PBXBuildFile; fileRef = 087A393D20D2EC40005C956F /* Parser.swift */; };
		089D68C820C9AC5600FC9772 /* Article.swift in Sources */ = {isa = PBXBuildFile; fileRef = 089D68C720C9AC5600FC9772 /* Article.swift */; };
		157705F0BE014B8C9E341295 /* Pods_pamUITests.framework in Frameworks */ = {isa = PBXBuildFile; fileRef = F96D6E73AF8B62AC91C617F1 /* Pods_pamUITests.framework */; };
		483AB3B0A3106F9DE24D6E00 /* Pods_pam.framework in Frameworks */ = {isa = PBXBuildFile; fileRef = B26DC8980D62AD5432B789CF /* Pods_pam.framework */; };
		83B8D9245B9C4C61D8C50AAE /* Pods_pamTests.framework in Frameworks */ = {isa = PBXBuildFile; fileRef = 21C1A7D1F214AD999BE47C80 /* Pods_pamTests.framework */; };
		B8236ABD20572B8D0023D9E1 /* SettingsViewController.swift in Sources */ = {isa = PBXBuildFile; fileRef = B8236ABC20572B8D0023D9E1 /* SettingsViewController.swift */; };
		B8457E682190C41A00AB8722 /* lottie.json in Resources */ = {isa = PBXBuildFile; fileRef = B8457E672190C41A00AB8722 /* lottie.json */; };
		B84844BC209B7CC70088C845 /* SourceTableViewCell.swift in Sources */ = {isa = PBXBuildFile; fileRef = B84844BB209B7CC70088C845 /* SourceTableViewCell.swift */; };
		B85B06FC2178E68C00A0EF93 /* Alamofire.framework in Frameworks */ = {isa = PBXBuildFile; fileRef = B85B06FB2178E68C00A0EF93 /* Alamofire.framework */; };
		B85B06FE2178E68C00A0EF93 /* AlamofireObjectMapper.framework in Frameworks */ = {isa = PBXBuildFile; fileRef = B85B06FD2178E68C00A0EF93 /* AlamofireObjectMapper.framework */; };
		B85B07002178E68C00A0EF93 /* Atributika.framework in Frameworks */ = {isa = PBXBuildFile; fileRef = B85B06FF2178E68C00A0EF93 /* Atributika.framework */; };
		B85B07022178E68C00A0EF93 /* FavIcon.framework in Frameworks */ = {isa = PBXBuildFile; fileRef = B85B07012178E68C00A0EF93 /* FavIcon.framework */; };
		B85B07042178E68C00A0EF93 /* Lottie.framework in Frameworks */ = {isa = PBXBuildFile; fileRef = B85B07032178E68C00A0EF93 /* Lottie.framework */; };
		B85B07062178E68C00A0EF93 /* ObjectMapper.framework in Frameworks */ = {isa = PBXBuildFile; fileRef = B85B07052178E68C00A0EF93 /* ObjectMapper.framework */; };
		B85B07082178E68C00A0EF93 /* Pods_pamTests.framework in Frameworks */ = {isa = PBXBuildFile; fileRef = B85B07072178E68C00A0EF93 /* Pods_pamTests.framework */; };
		B85B070A2178E68C00A0EF93 /* Pods_pamUITests.framework in Frameworks */ = {isa = PBXBuildFile; fileRef = B85B07092178E68C00A0EF93 /* Pods_pamUITests.framework */; };
		B85B07102178F03300A0EF93 /* Constants.swift in Sources */ = {isa = PBXBuildFile; fileRef = B85B070F2178F03300A0EF93 /* Constants.swift */; };
		B85B07122178F4AB00A0EF93 /* RoundShadowButton.swift in Sources */ = {isa = PBXBuildFile; fileRef = B85B07112178F4AB00A0EF93 /* RoundShadowButton.swift */; };
		B88FEBC420D3B2B40035608F /* CustomScrollView.swift in Sources */ = {isa = PBXBuildFile; fileRef = B88FEBC320D3B2B40035608F /* CustomScrollView.swift */; };
		B8DAD8CD20C9C5E400D2B7CF /* OnboardingViewController.swift in Sources */ = {isa = PBXBuildFile; fileRef = B8DAD8CC20C9C5E400D2B7CF /* OnboardingViewController.swift */; };
		B8DAD8CF20C9C80B00D2B7CF /* OnboardingTableViewController.swift in Sources */ = {isa = PBXBuildFile; fileRef = B8DAD8CE20C9C80B00D2B7CF /* OnboardingTableViewController.swift */; };
		B8DAD8D120C9CA1D00D2B7CF /* OnboardingTableViewCell.swift in Sources */ = {isa = PBXBuildFile; fileRef = B8DAD8D020C9CA1D00D2B7CF /* OnboardingTableViewCell.swift */; };
		B8E4E1E02057D28A00E216C9 /* NewsTableViewCell.swift in Sources */ = {isa = PBXBuildFile; fileRef = B8E4E1DF2057D28A00E216C9 /* NewsTableViewCell.swift */; };
		B8EAD7D82097575100A55F47 /* NewsViewController.swift in Sources */ = {isa = PBXBuildFile; fileRef = B8EAD7D72097575100A55F47 /* NewsViewController.swift */; };
		B8EE749021A19365000D67E1 /* AutoInsetter.framework in Frameworks */ = {isa = PBXBuildFile; fileRef = B8EE748F21A19365000D67E1 /* AutoInsetter.framework */; };
		B8EE749221A19365000D67E1 /* Pageboy.framework in Frameworks */ = {isa = PBXBuildFile; fileRef = B8EE749121A19365000D67E1 /* Pageboy.framework */; };
		B8EE749421A19365000D67E1 /* Tabman.framework in Frameworks */ = {isa = PBXBuildFile; fileRef = B8EE749321A19365000D67E1 /* Tabman.framework */; };
		B8F4FB86217E75FD009D95F5 /* JGProgressHUD.framework in Frameworks */ = {isa = PBXBuildFile; fileRef = B8F4FB85217E75FD009D95F5 /* JGProgressHUD.framework */; };
		B8F59529209F511A00A42633 /* NewSourceViewController.swift in Sources */ = {isa = PBXBuildFile; fileRef = B8F59528209F511900A42633 /* NewSourceViewController.swift */; };
		E100309CA84FE00BF8E6972C /* Pods_pamUITests.framework in Frameworks */ = {isa = PBXBuildFile; fileRef = B85B07092178E68C00A0EF93 /* Pods_pamUITests.framework */; };
/* End PBXBuildFile section */

/* Begin PBXContainerItemProxy section */
		083D22692049FC3800977895 /* PBXContainerItemProxy */ = {
			isa = PBXContainerItemProxy;
			containerPortal = 083D224A2049FC3800977895 /* Project object */;
			proxyType = 1;
			remoteGlobalIDString = 083D22512049FC3800977895;
			remoteInfo = pam;
		};
		083D22742049FC3800977895 /* PBXContainerItemProxy */ = {
			isa = PBXContainerItemProxy;
			containerPortal = 083D224A2049FC3800977895 /* Project object */;
			proxyType = 1;
			remoteGlobalIDString = 083D22512049FC3800977895;
			remoteInfo = pam;
		};
/* End PBXContainerItemProxy section */

/* Begin PBXFileReference section */
		0782AD774EB90162B2781E14 /* Pods-pam.debug.xcconfig */ = {isa = PBXFileReference; includeInIndex = 1; lastKnownFileType = text.xcconfig; name = "Pods-pam.debug.xcconfig"; path = "Pods/Target Support Files/Pods-pam/Pods-pam.debug.xcconfig"; sourceTree = "<group>"; };
		083D22522049FC3800977895 /* pam.app */ = {isa = PBXFileReference; explicitFileType = wrapper.application; includeInIndex = 0; path = pam.app; sourceTree = BUILT_PRODUCTS_DIR; };
		083D22552049FC3800977895 /* AppDelegate.swift */ = {isa = PBXFileReference; lastKnownFileType = sourcecode.swift; path = AppDelegate.swift; sourceTree = "<group>"; };
		083D22572049FC3800977895 /* FirstViewController.swift */ = {isa = PBXFileReference; lastKnownFileType = sourcecode.swift; path = FirstViewController.swift; sourceTree = "<group>"; };
		083D225C2049FC3800977895 /* Base */ = {isa = PBXFileReference; lastKnownFileType = file.storyboard; name = Base; path = Base.lproj/Main.storyboard; sourceTree = "<group>"; };
		083D225E2049FC3800977895 /* Assets.xcassets */ = {isa = PBXFileReference; lastKnownFileType = folder.assetcatalog; path = Assets.xcassets; sourceTree = "<group>"; };
		083D22612049FC3800977895 /* Base */ = {isa = PBXFileReference; lastKnownFileType = file.storyboard; name = Base; path = Base.lproj/LaunchScreen.storyboard; sourceTree = "<group>"; };
		083D22632049FC3800977895 /* Info.plist */ = {isa = PBXFileReference; lastKnownFileType = text.plist.xml; path = Info.plist; sourceTree = "<group>"; };
		083D22682049FC3800977895 /* pamTests.xctest */ = {isa = PBXFileReference; explicitFileType = wrapper.cfbundle; includeInIndex = 0; path = pamTests.xctest; sourceTree = BUILT_PRODUCTS_DIR; };
		083D226C2049FC3800977895 /* pamTests.swift */ = {isa = PBXFileReference; lastKnownFileType = sourcecode.swift; path = pamTests.swift; sourceTree = "<group>"; };
		083D226E2049FC3800977895 /* Info.plist */ = {isa = PBXFileReference; lastKnownFileType = text.plist.xml; path = Info.plist; sourceTree = "<group>"; };
		083D22732049FC3800977895 /* pamUITests.xctest */ = {isa = PBXFileReference; explicitFileType = wrapper.cfbundle; includeInIndex = 0; path = pamUITests.xctest; sourceTree = BUILT_PRODUCTS_DIR; };
		083D22772049FC3800977895 /* pamUITests.swift */ = {isa = PBXFileReference; lastKnownFileType = sourcecode.swift; path = pamUITests.swift; sourceTree = "<group>"; };
		083D22792049FC3800977895 /* Info.plist */ = {isa = PBXFileReference; lastKnownFileType = text.plist.xml; path = Info.plist; sourceTree = "<group>"; };
		083D2289204A00ED00977895 /* README.md */ = {isa = PBXFileReference; lastKnownFileType = net.daringfireball.markdown; path = README.md; sourceTree = "<group>"; };
		083D228A204A011E00977895 /* .gitignore */ = {isa = PBXFileReference; lastKnownFileType = text; path = .gitignore; sourceTree = "<group>"; };
		083D228B204A013E00977895 /* LICENSE */ = {isa = PBXFileReference; lastKnownFileType = text; path = LICENSE; sourceTree = "<group>"; };
		083D228D204A01AD00977895 /* resources */ = {isa = PBXFileReference; lastKnownFileType = folder; path = resources; sourceTree = "<group>"; };
		0847C41E2052BF9C00D99E99 /* docs */ = {isa = PBXFileReference; lastKnownFileType = folder; path = docs; sourceTree = "<group>"; };
		08541640204C271E00BC3EF1 /* .swiftlint.yml */ = {isa = PBXFileReference; lastKnownFileType = text; path = .swiftlint.yml; sourceTree = "<group>"; };
		085DBDA4204C363600C141FF /* .travis.yml */ = {isa = PBXFileReference; lastKnownFileType = text; path = .travis.yml; sourceTree = "<group>"; };
		087A393D20D2EC40005C956F /* Parser.swift */ = {isa = PBXFileReference; lastKnownFileType = sourcecode.swift; path = Parser.swift; sourceTree = "<group>"; };
		089D68C720C9AC5600FC9772 /* Article.swift */ = {isa = PBXFileReference; lastKnownFileType = sourcecode.swift; path = Article.swift; sourceTree = "<group>"; };
		1A8F6652FE9B58F01EDE22BB /* Pods-pamUITests.debug.xcconfig */ = {isa = PBXFileReference; includeInIndex = 1; lastKnownFileType = text.xcconfig; name = "Pods-pamUITests.debug.xcconfig"; path = "Pods/Target Support Files/Pods-pamUITests/Pods-pamUITests.debug.xcconfig"; sourceTree = "<group>"; };
		21C1A7D1F214AD999BE47C80 /* Pods_pamTests.framework */ = {isa = PBXFileReference; explicitFileType = wrapper.framework; includeInIndex = 0; path = Pods_pamTests.framework; sourceTree = BUILT_PRODUCTS_DIR; };
		9597106F4C5782C45169EF2B /* Pods-pam.release.xcconfig */ = {isa = PBXFileReference; includeInIndex = 1; lastKnownFileType = text.xcconfig; name = "Pods-pam.release.xcconfig"; path = "Pods/Target Support Files/Pods-pam/Pods-pam.release.xcconfig"; sourceTree = "<group>"; };
		B26DC8980D62AD5432B789CF /* Pods_pam.framework */ = {isa = PBXFileReference; explicitFileType = wrapper.framework; includeInIndex = 0; path = Pods_pam.framework; sourceTree = BUILT_PRODUCTS_DIR; };
		B2DE4F8B1B45C698CAAFE40C /* Pods-pamTests.debug.xcconfig */ = {isa = PBXFileReference; includeInIndex = 1; lastKnownFileType = text.xcconfig; name = "Pods-pamTests.debug.xcconfig"; path = "Pods/Target Support Files/Pods-pamTests/Pods-pamTests.debug.xcconfig"; sourceTree = "<group>"; };
		B8236ABC20572B8D0023D9E1 /* SettingsViewController.swift */ = {isa = PBXFileReference; lastKnownFileType = sourcecode.swift; path = SettingsViewController.swift; sourceTree = "<group>"; };
		B8457E672190C41A00AB8722 /* lottie.json */ = {isa = PBXFileReference; fileEncoding = 4; lastKnownFileType = text.json; path = lottie.json; sourceTree = "<group>"; };
		B84844BB209B7CC70088C845 /* SourceTableViewCell.swift */ = {isa = PBXFileReference; lastKnownFileType = sourcecode.swift; name = SourceTableViewCell.swift; path = pam/Controllers/SourceTableViewCell.swift; sourceTree = SOURCE_ROOT; };
		B85B06FB2178E68C00A0EF93 /* Alamofire.framework */ = {isa = PBXFileReference; explicitFileType = wrapper.framework; path = Alamofire.framework; sourceTree = BUILT_PRODUCTS_DIR; };
		B85B06FD2178E68C00A0EF93 /* AlamofireObjectMapper.framework */ = {isa = PBXFileReference; explicitFileType = wrapper.framework; path = AlamofireObjectMapper.framework; sourceTree = BUILT_PRODUCTS_DIR; };
		B85B06FF2178E68C00A0EF93 /* Atributika.framework */ = {isa = PBXFileReference; explicitFileType = wrapper.framework; path = Atributika.framework; sourceTree = BUILT_PRODUCTS_DIR; };
		B85B07012178E68C00A0EF93 /* FavIcon.framework */ = {isa = PBXFileReference; explicitFileType = wrapper.framework; path = FavIcon.framework; sourceTree = BUILT_PRODUCTS_DIR; };
		B85B07032178E68C00A0EF93 /* Lottie.framework */ = {isa = PBXFileReference; explicitFileType = wrapper.framework; path = Lottie.framework; sourceTree = BUILT_PRODUCTS_DIR; };
		B85B07052178E68C00A0EF93 /* ObjectMapper.framework */ = {isa = PBXFileReference; explicitFileType = wrapper.framework; path = ObjectMapper.framework; sourceTree = BUILT_PRODUCTS_DIR; };
		B85B07072178E68C00A0EF93 /* Pods_pamTests.framework */ = {isa = PBXFileReference; explicitFileType = wrapper.framework; path = Pods_pamTests.framework; sourceTree = BUILT_PRODUCTS_DIR; };
		B85B07092178E68C00A0EF93 /* Pods_pamUITests.framework */ = {isa = PBXFileReference; explicitFileType = wrapper.framework; path = Pods_pamUITests.framework; sourceTree = BUILT_PRODUCTS_DIR; };
		B85B070F2178F03300A0EF93 /* Constants.swift */ = {isa = PBXFileReference; fileEncoding = 4; lastKnownFileType = sourcecode.swift; path = Constants.swift; sourceTree = "<group>"; };
		B85B07112178F4AB00A0EF93 /* RoundShadowButton.swift */ = {isa = PBXFileReference; lastKnownFileType = sourcecode.swift; path = RoundShadowButton.swift; sourceTree = "<group>"; };
		B88FEBC320D3B2B40035608F /* CustomScrollView.swift */ = {isa = PBXFileReference; lastKnownFileType = sourcecode.swift; path = CustomScrollView.swift; sourceTree = "<group>"; };
		B8DAD8CC20C9C5E400D2B7CF /* OnboardingViewController.swift */ = {isa = PBXFileReference; lastKnownFileType = sourcecode.swift; name = OnboardingViewController.swift; path = pam/Controllers/Onboarding/OnboardingViewController.swift; sourceTree = SOURCE_ROOT; };
		B8DAD8CE20C9C80B00D2B7CF /* OnboardingTableViewController.swift */ = {isa = PBXFileReference; lastKnownFileType = sourcecode.swift; path = OnboardingTableViewController.swift; sourceTree = "<group>"; };
		B8DAD8D020C9CA1D00D2B7CF /* OnboardingTableViewCell.swift */ = {isa = PBXFileReference; lastKnownFileType = sourcecode.swift; path = OnboardingTableViewCell.swift; sourceTree = "<group>"; };
		B8E4E1DF2057D28A00E216C9 /* NewsTableViewCell.swift */ = {isa = PBXFileReference; lastKnownFileType = sourcecode.swift; path = NewsTableViewCell.swift; sourceTree = "<group>"; };
		B8EAD7D72097575100A55F47 /* NewsViewController.swift */ = {isa = PBXFileReference; lastKnownFileType = sourcecode.swift; path = NewsViewController.swift; sourceTree = "<group>"; };
		B8EE748F21A19365000D67E1 /* AutoInsetter.framework */ = {isa = PBXFileReference; explicitFileType = wrapper.framework; path = AutoInsetter.framework; sourceTree = BUILT_PRODUCTS_DIR; };
		B8EE749121A19365000D67E1 /* Pageboy.framework */ = {isa = PBXFileReference; explicitFileType = wrapper.framework; path = Pageboy.framework; sourceTree = BUILT_PRODUCTS_DIR; };
		B8EE749321A19365000D67E1 /* Tabman.framework */ = {isa = PBXFileReference; explicitFileType = wrapper.framework; path = Tabman.framework; sourceTree = BUILT_PRODUCTS_DIR; };
		B8F4FB85217E75FD009D95F5 /* JGProgressHUD.framework */ = {isa = PBXFileReference; explicitFileType = wrapper.framework; path = JGProgressHUD.framework; sourceTree = BUILT_PRODUCTS_DIR; };
		B8F59528209F511900A42633 /* NewSourceViewController.swift */ = {isa = PBXFileReference; lastKnownFileType = sourcecode.swift; path = NewSourceViewController.swift; sourceTree = "<group>"; };
		C5CE8D2AF3DB6CF966903FA0 /* Pods-pamTests.release.xcconfig */ = {isa = PBXFileReference; includeInIndex = 1; lastKnownFileType = text.xcconfig; name = "Pods-pamTests.release.xcconfig"; path = "Pods/Target Support Files/Pods-pamTests/Pods-pamTests.release.xcconfig"; sourceTree = "<group>"; };
		CE4A565F42BACA4721A92A22 /* Pods-pamUITests.release.xcconfig */ = {isa = PBXFileReference; includeInIndex = 1; lastKnownFileType = text.xcconfig; name = "Pods-pamUITests.release.xcconfig"; path = "Pods/Target Support Files/Pods-pamUITests/Pods-pamUITests.release.xcconfig"; sourceTree = "<group>"; };
		F96D6E73AF8B62AC91C617F1 /* Pods_pamUITests.framework */ = {isa = PBXFileReference; explicitFileType = wrapper.framework; includeInIndex = 0; path = Pods_pamUITests.framework; sourceTree = BUILT_PRODUCTS_DIR; };
/* End PBXFileReference section */

/* Begin PBXFrameworksBuildPhase section */
		083D224F2049FC3800977895 /* Frameworks */ = {
			isa = PBXFrameworksBuildPhase;
			buildActionMask = 2147483647;
			files = (
				B8EE749021A19365000D67E1 /* AutoInsetter.framework in Frameworks */,
				B8EE749221A19365000D67E1 /* Pageboy.framework in Frameworks */,
				B8EE749421A19365000D67E1 /* Tabman.framework in Frameworks */,
				B8F4FB86217E75FD009D95F5 /* JGProgressHUD.framework in Frameworks */,
				B85B06FC2178E68C00A0EF93 /* Alamofire.framework in Frameworks */,
				B85B06FE2178E68C00A0EF93 /* AlamofireObjectMapper.framework in Frameworks */,
				B85B07002178E68C00A0EF93 /* Atributika.framework in Frameworks */,
				B85B07022178E68C00A0EF93 /* FavIcon.framework in Frameworks */,
				B85B07042178E68C00A0EF93 /* Lottie.framework in Frameworks */,
				B85B07062178E68C00A0EF93 /* ObjectMapper.framework in Frameworks */,
				B85B07082178E68C00A0EF93 /* Pods_pamTests.framework in Frameworks */,
				B85B070A2178E68C00A0EF93 /* Pods_pamUITests.framework in Frameworks */,
				483AB3B0A3106F9DE24D6E00 /* Pods_pam.framework in Frameworks */,
			);
			runOnlyForDeploymentPostprocessing = 0;
		};
		083D22652049FC3800977895 /* Frameworks */ = {
			isa = PBXFrameworksBuildPhase;
			buildActionMask = 2147483647;
			files = (
				83B8D9245B9C4C61D8C50AAE /* Pods_pamTests.framework in Frameworks */,
				0588A439E5DB888F1F5D3398 /* Pods_pamTests.framework in Frameworks */,
			);
			runOnlyForDeploymentPostprocessing = 0;
		};
		083D22702049FC3800977895 /* Frameworks */ = {
			isa = PBXFrameworksBuildPhase;
			buildActionMask = 2147483647;
			files = (
				157705F0BE014B8C9E341295 /* Pods_pamUITests.framework in Frameworks */,
				E100309CA84FE00BF8E6972C /* Pods_pamUITests.framework in Frameworks */,
			);
			runOnlyForDeploymentPostprocessing = 0;
		};
/* End PBXFrameworksBuildPhase section */

/* Begin PBXGroup section */
		0838AFB12095FB9500A6D33E /* Controllers */ = {
			isa = PBXGroup;
			children = (
				083D22572049FC3800977895 /* FirstViewController.swift */,
				B8EAD7D72097575100A55F47 /* NewsViewController.swift */,
				B88FEBC320D3B2B40035608F /* CustomScrollView.swift */,
				B8E4E1DF2057D28A00E216C9 /* NewsTableViewCell.swift */,
				B8236ABC20572B8D0023D9E1 /* SettingsViewController.swift */,
				B84844BB209B7CC70088C845 /* SourceTableViewCell.swift */,
				B8F59528209F511900A42633 /* NewSourceViewController.swift */,
				B80A4AD5218E3F4800FFFC86 /* Onboarding */,
				083D22552049FC3800977895 /* AppDelegate.swift */,
			);
			path = Controllers;
			sourceTree = "<group>";
		};
		0838AFB22095FBB600A6D33E /* Views */ = {
			isa = PBXGroup;
			children = (
				083D22602049FC3800977895 /* LaunchScreen.storyboard */,
				083D225B2049FC3800977895 /* Main.storyboard */,
				083D225E2049FC3800977895 /* Assets.xcassets */,
			);
			path = Views;
			sourceTree = "<group>";
		};
		0838AFB32095FBD900A6D33E /* Models */ = {
			isa = PBXGroup;
			children = (
				089D68C720C9AC5600FC9772 /* Article.swift */,
				087A393D20D2EC40005C956F /* Parser.swift */,
			);
			path = Models;
			sourceTree = "<group>";
		};
		0838AFB42095FC3B00A6D33E /* Supporting Files */ = {
			isa = PBXGroup;
			children = (
				B8457E672190C41A00AB8722 /* lottie.json */,
				B85B070F2178F03300A0EF93 /* Constants.swift */,
				B85B07112178F4AB00A0EF93 /* RoundShadowButton.swift */,
				083D22632049FC3800977895 /* Info.plist */,
			);
			path = "Supporting Files";
			sourceTree = "<group>";
		};
		083D22492049FC3800977895 = {
			isa = PBXGroup;
			children = (
				0847C41E2052BF9C00D99E99 /* docs */,
				083D228D204A01AD00977895 /* resources */,
				083D228B204A013E00977895 /* LICENSE */,
				085DBDA4204C363600C141FF /* .travis.yml */,
				08541640204C271E00BC3EF1 /* .swiftlint.yml */,
				083D228A204A011E00977895 /* .gitignore */,
				083D2289204A00ED00977895 /* README.md */,
				083D22542049FC3800977895 /* pam */,
				083D226B2049FC3800977895 /* pamTests */,
				083D22762049FC3800977895 /* pamUITests */,
				083D22532049FC3800977895 /* Products */,
				725B41C1655489C60A4957E8 /* Pods */,
				695D3C392AB5477CD123F21E /* Frameworks */,
			);
			sourceTree = "<group>";
		};
		083D22532049FC3800977895 /* Products */ = {
			isa = PBXGroup;
			children = (
				083D22522049FC3800977895 /* pam.app */,
				083D22682049FC3800977895 /* pamTests.xctest */,
				083D22732049FC3800977895 /* pamUITests.xctest */,
			);
			name = Products;
			sourceTree = "<group>";
		};
		083D22542049FC3800977895 /* pam */ = {
			isa = PBXGroup;
			children = (
				0838AFB42095FC3B00A6D33E /* Supporting Files */,
				0838AFB32095FBD900A6D33E /* Models */,
				0838AFB12095FB9500A6D33E /* Controllers */,
				0838AFB22095FBB600A6D33E /* Views */,
			);
			path = pam;
			sourceTree = "<group>";
		};
		083D226B2049FC3800977895 /* pamTests */ = {
			isa = PBXGroup;
			children = (
				083D226C2049FC3800977895 /* pamTests.swift */,
				083D226E2049FC3800977895 /* Info.plist */,
			);
			path = pamTests;
			sourceTree = "<group>";
		};
		083D22762049FC3800977895 /* pamUITests */ = {
			isa = PBXGroup;
			children = (
				083D22772049FC3800977895 /* pamUITests.swift */,
				083D22792049FC3800977895 /* Info.plist */,
			);
			path = pamUITests;
			sourceTree = "<group>";
		};
		695D3C392AB5477CD123F21E /* Frameworks */ = {
			isa = PBXGroup;
			children = (
				B8EE748F21A19365000D67E1 /* AutoInsetter.framework */,
				B8EE749121A19365000D67E1 /* Pageboy.framework */,
				B8EE749321A19365000D67E1 /* Tabman.framework */,
				B8F4FB85217E75FD009D95F5 /* JGProgressHUD.framework */,
				B85B06FB2178E68C00A0EF93 /* Alamofire.framework */,
				B85B06FD2178E68C00A0EF93 /* AlamofireObjectMapper.framework */,
				B85B06FF2178E68C00A0EF93 /* Atributika.framework */,
				B85B07012178E68C00A0EF93 /* FavIcon.framework */,
				B85B07032178E68C00A0EF93 /* Lottie.framework */,
				B85B07052178E68C00A0EF93 /* ObjectMapper.framework */,
				B85B07072178E68C00A0EF93 /* Pods_pamTests.framework */,
				B85B07092178E68C00A0EF93 /* Pods_pamUITests.framework */,
				B26DC8980D62AD5432B789CF /* Pods_pam.framework */,
				21C1A7D1F214AD999BE47C80 /* Pods_pamTests.framework */,
				F96D6E73AF8B62AC91C617F1 /* Pods_pamUITests.framework */,
			);
			name = Frameworks;
			sourceTree = "<group>";
		};
		725B41C1655489C60A4957E8 /* Pods */ = {
			isa = PBXGroup;
			children = (
				0782AD774EB90162B2781E14 /* Pods-pam.debug.xcconfig */,
				9597106F4C5782C45169EF2B /* Pods-pam.release.xcconfig */,
				B2DE4F8B1B45C698CAAFE40C /* Pods-pamTests.debug.xcconfig */,
				C5CE8D2AF3DB6CF966903FA0 /* Pods-pamTests.release.xcconfig */,
				1A8F6652FE9B58F01EDE22BB /* Pods-pamUITests.debug.xcconfig */,
				CE4A565F42BACA4721A92A22 /* Pods-pamUITests.release.xcconfig */,
			);
			name = Pods;
			sourceTree = "<group>";
		};
		B80A4AD5218E3F4800FFFC86 /* Onboarding */ = {
			isa = PBXGroup;
			children = (
				B8DAD8CC20C9C5E400D2B7CF /* OnboardingViewController.swift */,
				B8DAD8CE20C9C80B00D2B7CF /* OnboardingTableViewController.swift */,
				B8DAD8D020C9CA1D00D2B7CF /* OnboardingTableViewCell.swift */,
			);
			path = Onboarding;
			sourceTree = "<group>";
		};
/* End PBXGroup section */

/* Begin PBXNativeTarget section */
		083D22512049FC3800977895 /* pam */ = {
			isa = PBXNativeTarget;
			buildConfigurationList = 083D227C2049FC3800977895 /* Build configuration list for PBXNativeTarget "pam" */;
			buildPhases = (
				28EF602800A4B40B4A97AEB3 /* [CP] Check Pods Manifest.lock */,
				0854163B204C231400BC3EF1 /* ShellScript */,
				083D224E2049FC3800977895 /* Sources */,
				083D224F2049FC3800977895 /* Frameworks */,
				083D22502049FC3800977895 /* Resources */,
				3D6FE381285553B7A125F054 /* [CP] Embed Pods Frameworks */,
			);
			buildRules = (
			);
			dependencies = (
			);
			name = pam;
			productName = pam;
			productReference = 083D22522049FC3800977895 /* pam.app */;
			productType = "com.apple.product-type.application";
		};
		083D22672049FC3800977895 /* pamTests */ = {
			isa = PBXNativeTarget;
			buildConfigurationList = 083D227F2049FC3800977895 /* Build configuration list for PBXNativeTarget "pamTests" */;
			buildPhases = (
				3E61CBBDE3CB95E990B62611 /* [CP] Check Pods Manifest.lock */,
				083D22642049FC3800977895 /* Sources */,
				083D22652049FC3800977895 /* Frameworks */,
				083D22662049FC3800977895 /* Resources */,
			);
			buildRules = (
			);
			dependencies = (
				083D226A2049FC3800977895 /* PBXTargetDependency */,
			);
			name = pamTests;
			productName = pamTests;
			productReference = 083D22682049FC3800977895 /* pamTests.xctest */;
			productType = "com.apple.product-type.bundle.unit-test";
		};
		083D22722049FC3800977895 /* pamUITests */ = {
			isa = PBXNativeTarget;
			buildConfigurationList = 083D22822049FC3800977895 /* Build configuration list for PBXNativeTarget "pamUITests" */;
			buildPhases = (
				C669F06E063D1D0CFA3CB6F9 /* [CP] Check Pods Manifest.lock */,
				083D226F2049FC3800977895 /* Sources */,
				083D22702049FC3800977895 /* Frameworks */,
				083D22712049FC3800977895 /* Resources */,
			);
			buildRules = (
			);
			dependencies = (
				083D22752049FC3800977895 /* PBXTargetDependency */,
			);
			name = pamUITests;
			productName = pamUITests;
			productReference = 083D22732049FC3800977895 /* pamUITests.xctest */;
			productType = "com.apple.product-type.bundle.ui-testing";
		};
/* End PBXNativeTarget section */

/* Begin PBXProject section */
		083D224A2049FC3800977895 /* Project object */ = {
			isa = PBXProject;
			attributes = {
				LastSwiftUpdateCheck = 0920;
				LastUpgradeCheck = 0930;
				ORGANIZATIONNAME = "Krystian Skibiński";
				TargetAttributes = {
					083D22512049FC3800977895 = {
						CreatedOnToolsVersion = 9.2;
						ProvisioningStyle = Automatic;
					};
					083D22672049FC3800977895 = {
						CreatedOnToolsVersion = 9.2;
						ProvisioningStyle = Automatic;
						TestTargetID = 083D22512049FC3800977895;
					};
					083D22722049FC3800977895 = {
						CreatedOnToolsVersion = 9.2;
						ProvisioningStyle = Automatic;
						TestTargetID = 083D22512049FC3800977895;
					};
				};
			};
			buildConfigurationList = 083D224D2049FC3800977895 /* Build configuration list for PBXProject "pam" */;
			compatibilityVersion = "Xcode 8.0";
			developmentRegion = en;
			hasScannedForEncodings = 0;
			knownRegions = (
				en,
				Base,
			);
			mainGroup = 083D22492049FC3800977895;
			productRefGroup = 083D22532049FC3800977895 /* Products */;
			projectDirPath = "";
			projectRoot = "";
			targets = (
				083D22512049FC3800977895 /* pam */,
				083D22672049FC3800977895 /* pamTests */,
				083D22722049FC3800977895 /* pamUITests */,
			);
		};
/* End PBXProject section */

/* Begin PBXResourcesBuildPhase section */
		083D22502049FC3800977895 /* Resources */ = {
			isa = PBXResourcesBuildPhase;
			buildActionMask = 2147483647;
			files = (
				B8457E682190C41A00AB8722 /* lottie.json in Resources */,
				08541641204C271E00BC3EF1 /* .swiftlint.yml in Resources */,
				083D22622049FC3800977895 /* LaunchScreen.storyboard in Resources */,
				0847C41F2052BF9C00D99E99 /* docs in Resources */,
				083D225F2049FC3800977895 /* Assets.xcassets in Resources */,
				083D225D2049FC3800977895 /* Main.storyboard in Resources */,
			);
			runOnlyForDeploymentPostprocessing = 0;
		};
		083D22662049FC3800977895 /* Resources */ = {
			isa = PBXResourcesBuildPhase;
			buildActionMask = 2147483647;
			files = (
			);
			runOnlyForDeploymentPostprocessing = 0;
		};
		083D22712049FC3800977895 /* Resources */ = {
			isa = PBXResourcesBuildPhase;
			buildActionMask = 2147483647;
			files = (
			);
			runOnlyForDeploymentPostprocessing = 0;
		};
/* End PBXResourcesBuildPhase section */

/* Begin PBXShellScriptBuildPhase section */
		0854163B204C231400BC3EF1 /* ShellScript */ = {
			isa = PBXShellScriptBuildPhase;
			buildActionMask = 2147483647;
			files = (
			);
			inputPaths = (
			);
			outputPaths = (
			);
			runOnlyForDeploymentPostprocessing = 0;
			shellPath = /bin/sh;
			shellScript = "\"${PODS_ROOT}/SwiftLint/swiftlint\"";
		};
		28EF602800A4B40B4A97AEB3 /* [CP] Check Pods Manifest.lock */ = {
			isa = PBXShellScriptBuildPhase;
			buildActionMask = 2147483647;
			files = (
			);
			inputPaths = (
				"${PODS_PODFILE_DIR_PATH}/Podfile.lock",
				"${PODS_ROOT}/Manifest.lock",
			);
			name = "[CP] Check Pods Manifest.lock";
			outputPaths = (
				"$(DERIVED_FILE_DIR)/Pods-pam-checkManifestLockResult.txt",
			);
			runOnlyForDeploymentPostprocessing = 0;
			shellPath = /bin/sh;
			shellScript = "diff \"${PODS_PODFILE_DIR_PATH}/Podfile.lock\" \"${PODS_ROOT}/Manifest.lock\" > /dev/null\nif [ $? != 0 ] ; then\n    # print error to STDERR\n    echo \"error: The sandbox is not in sync with the Podfile.lock. Run 'pod install' or update your CocoaPods installation.\" >&2\n    exit 1\nfi\n# This output is used by Xcode 'outputs' to avoid re-running this script phase.\necho \"SUCCESS\" > \"${SCRIPT_OUTPUT_FILE_0}\"\n";
			showEnvVarsInLog = 0;
		};
		3D6FE381285553B7A125F054 /* [CP] Embed Pods Frameworks */ = {
			isa = PBXShellScriptBuildPhase;
			buildActionMask = 2147483647;
			files = (
			);
			inputPaths = (
				"${SRCROOT}/Pods/Target Support Files/Pods-pam/Pods-pam-frameworks.sh",
				"${BUILT_PRODUCTS_DIR}/Alamofire/Alamofire.framework",
				"${BUILT_PRODUCTS_DIR}/AlamofireObjectMapper/AlamofireObjectMapper.framework",
				"${BUILT_PRODUCTS_DIR}/Atributika/Atributika.framework",
				"${BUILT_PRODUCTS_DIR}/AutoInsetter/AutoInsetter.framework",
				"${BUILT_PRODUCTS_DIR}/FavIcon/FavIcon.framework",
				"${BUILT_PRODUCTS_DIR}/JGProgressHUD/JGProgressHUD.framework",
				"${BUILT_PRODUCTS_DIR}/ObjectMapper/ObjectMapper.framework",
				"${BUILT_PRODUCTS_DIR}/Pageboy/Pageboy.framework",
				"${BUILT_PRODUCTS_DIR}/Tabman/Tabman.framework",
				"${BUILT_PRODUCTS_DIR}/lottie-ios/Lottie.framework",
			);
			name = "[CP] Embed Pods Frameworks";
			outputPaths = (
				"${TARGET_BUILD_DIR}/${FRAMEWORKS_FOLDER_PATH}/Alamofire.framework",
				"${TARGET_BUILD_DIR}/${FRAMEWORKS_FOLDER_PATH}/AlamofireObjectMapper.framework",
				"${TARGET_BUILD_DIR}/${FRAMEWORKS_FOLDER_PATH}/Atributika.framework",
				"${TARGET_BUILD_DIR}/${FRAMEWORKS_FOLDER_PATH}/AutoInsetter.framework",
				"${TARGET_BUILD_DIR}/${FRAMEWORKS_FOLDER_PATH}/FavIcon.framework",
				"${TARGET_BUILD_DIR}/${FRAMEWORKS_FOLDER_PATH}/JGProgressHUD.framework",
				"${TARGET_BUILD_DIR}/${FRAMEWORKS_FOLDER_PATH}/ObjectMapper.framework",
				"${TARGET_BUILD_DIR}/${FRAMEWORKS_FOLDER_PATH}/Pageboy.framework",
				"${TARGET_BUILD_DIR}/${FRAMEWORKS_FOLDER_PATH}/Tabman.framework",
				"${TARGET_BUILD_DIR}/${FRAMEWORKS_FOLDER_PATH}/Lottie.framework",
			);
			runOnlyForDeploymentPostprocessing = 0;
			shellPath = /bin/sh;
			shellScript = "\"${SRCROOT}/Pods/Target Support Files/Pods-pam/Pods-pam-frameworks.sh\"\n";
			showEnvVarsInLog = 0;
		};
		3E61CBBDE3CB95E990B62611 /* [CP] Check Pods Manifest.lock */ = {
			isa = PBXShellScriptBuildPhase;
			buildActionMask = 2147483647;
			files = (
			);
			inputPaths = (
				"${PODS_PODFILE_DIR_PATH}/Podfile.lock",
				"${PODS_ROOT}/Manifest.lock",
			);
			name = "[CP] Check Pods Manifest.lock";
			outputPaths = (
				"$(DERIVED_FILE_DIR)/Pods-pamTests-checkManifestLockResult.txt",
			);
			runOnlyForDeploymentPostprocessing = 0;
			shellPath = /bin/sh;
			shellScript = "diff \"${PODS_PODFILE_DIR_PATH}/Podfile.lock\" \"${PODS_ROOT}/Manifest.lock\" > /dev/null\nif [ $? != 0 ] ; then\n    # print error to STDERR\n    echo \"error: The sandbox is not in sync with the Podfile.lock. Run 'pod install' or update your CocoaPods installation.\" >&2\n    exit 1\nfi\n# This output is used by Xcode 'outputs' to avoid re-running this script phase.\necho \"SUCCESS\" > \"${SCRIPT_OUTPUT_FILE_0}\"\n";
			showEnvVarsInLog = 0;
		};
		C669F06E063D1D0CFA3CB6F9 /* [CP] Check Pods Manifest.lock */ = {
			isa = PBXShellScriptBuildPhase;
			buildActionMask = 2147483647;
			files = (
			);
			inputPaths = (
				"${PODS_PODFILE_DIR_PATH}/Podfile.lock",
				"${PODS_ROOT}/Manifest.lock",
			);
			name = "[CP] Check Pods Manifest.lock";
			outputPaths = (
				"$(DERIVED_FILE_DIR)/Pods-pamUITests-checkManifestLockResult.txt",
			);
			runOnlyForDeploymentPostprocessing = 0;
			shellPath = /bin/sh;
			shellScript = "diff \"${PODS_PODFILE_DIR_PATH}/Podfile.lock\" \"${PODS_ROOT}/Manifest.lock\" > /dev/null\nif [ $? != 0 ] ; then\n    # print error to STDERR\n    echo \"error: The sandbox is not in sync with the Podfile.lock. Run 'pod install' or update your CocoaPods installation.\" >&2\n    exit 1\nfi\n# This output is used by Xcode 'outputs' to avoid re-running this script phase.\necho \"SUCCESS\" > \"${SCRIPT_OUTPUT_FILE_0}\"\n";
			showEnvVarsInLog = 0;
		};
/* End PBXShellScriptBuildPhase section */

/* Begin PBXSourcesBuildPhase section */
		083D224E2049FC3800977895 /* Sources */ = {
			isa = PBXSourcesBuildPhase;
			buildActionMask = 2147483647;
			files = (
				B84844BC209B7CC70088C845 /* SourceTableViewCell.swift in Sources */,
				B8DAD8CF20C9C80B00D2B7CF /* OnboardingTableViewController.swift in Sources */,
				B88FEBC420D3B2B40035608F /* CustomScrollView.swift in Sources */,
				087A393E20D2EC40005C956F /* Parser.swift in Sources */,
				089D68C820C9AC5600FC9772 /* Article.swift in Sources */,
				B8F59529209F511A00A42633 /* NewSourceViewController.swift in Sources */,
				083D22562049FC3800977895 /* AppDelegate.swift in Sources */,
				B8E4E1E02057D28A00E216C9 /* NewsTableViewCell.swift in Sources */,
				B8EAD7D82097575100A55F47 /* NewsViewController.swift in Sources */,
				B8DAD8CD20C9C5E400D2B7CF /* OnboardingViewController.swift in Sources */,
				083D22582049FC3800977895 /* FirstViewController.swift in Sources */,
				B85B07122178F4AB00A0EF93 /* RoundShadowButton.swift in Sources */,
				B85B07102178F03300A0EF93 /* Constants.swift in Sources */,
				B8DAD8D120C9CA1D00D2B7CF /* OnboardingTableViewCell.swift in Sources */,
				B8236ABD20572B8D0023D9E1 /* SettingsViewController.swift in Sources */,
			);
			runOnlyForDeploymentPostprocessing = 0;
		};
		083D22642049FC3800977895 /* Sources */ = {
			isa = PBXSourcesBuildPhase;
			buildActionMask = 2147483647;
			files = (
				083D226D2049FC3800977895 /* pamTests.swift in Sources */,
			);
			runOnlyForDeploymentPostprocessing = 0;
		};
		083D226F2049FC3800977895 /* Sources */ = {
			isa = PBXSourcesBuildPhase;
			buildActionMask = 2147483647;
			files = (
				083D22782049FC3800977895 /* pamUITests.swift in Sources */,
			);
			runOnlyForDeploymentPostprocessing = 0;
		};
/* End PBXSourcesBuildPhase section */

/* Begin PBXTargetDependency section */
		083D226A2049FC3800977895 /* PBXTargetDependency */ = {
			isa = PBXTargetDependency;
			target = 083D22512049FC3800977895 /* pam */;
			targetProxy = 083D22692049FC3800977895 /* PBXContainerItemProxy */;
		};
		083D22752049FC3800977895 /* PBXTargetDependency */ = {
			isa = PBXTargetDependency;
			target = 083D22512049FC3800977895 /* pam */;
			targetProxy = 083D22742049FC3800977895 /* PBXContainerItemProxy */;
		};
/* End PBXTargetDependency section */

/* Begin PBXVariantGroup section */
		083D225B2049FC3800977895 /* Main.storyboard */ = {
			isa = PBXVariantGroup;
			children = (
				083D225C2049FC3800977895 /* Base */,
			);
			name = Main.storyboard;
			sourceTree = "<group>";
		};
		083D22602049FC3800977895 /* LaunchScreen.storyboard */ = {
			isa = PBXVariantGroup;
			children = (
				083D22612049FC3800977895 /* Base */,
			);
			name = LaunchScreen.storyboard;
			sourceTree = "<group>";
		};
/* End PBXVariantGroup section */

/* Begin XCBuildConfiguration section */
		083D227A2049FC3800977895 /* Debug */ = {
			isa = XCBuildConfiguration;
			buildSettings = {
				ALWAYS_SEARCH_USER_PATHS = NO;
				CLANG_ANALYZER_NONNULL = YES;
				CLANG_ANALYZER_NUMBER_OBJECT_CONVERSION = YES_AGGRESSIVE;
				CLANG_CXX_LANGUAGE_STANDARD = "gnu++14";
				CLANG_CXX_LIBRARY = "libc++";
				CLANG_ENABLE_MODULES = YES;
				CLANG_ENABLE_OBJC_ARC = YES;
				CLANG_WARN_BLOCK_CAPTURE_AUTORELEASING = YES;
				CLANG_WARN_BOOL_CONVERSION = YES;
				CLANG_WARN_COMMA = YES;
				CLANG_WARN_CONSTANT_CONVERSION = YES;
				CLANG_WARN_DEPRECATED_OBJC_IMPLEMENTATIONS = YES;
				CLANG_WARN_DIRECT_OBJC_ISA_USAGE = YES_ERROR;
				CLANG_WARN_DOCUMENTATION_COMMENTS = YES;
				CLANG_WARN_EMPTY_BODY = YES;
				CLANG_WARN_ENUM_CONVERSION = YES;
				CLANG_WARN_INFINITE_RECURSION = YES;
				CLANG_WARN_INT_CONVERSION = YES;
				CLANG_WARN_NON_LITERAL_NULL_CONVERSION = YES;
				CLANG_WARN_OBJC_IMPLICIT_RETAIN_SELF = YES;
				CLANG_WARN_OBJC_LITERAL_CONVERSION = YES;
				CLANG_WARN_OBJC_ROOT_CLASS = YES_ERROR;
				CLANG_WARN_RANGE_LOOP_ANALYSIS = YES;
				CLANG_WARN_STRICT_PROTOTYPES = YES;
				CLANG_WARN_SUSPICIOUS_MOVE = YES;
				CLANG_WARN_UNGUARDED_AVAILABILITY = YES_AGGRESSIVE;
				CLANG_WARN_UNREACHABLE_CODE = YES;
				CLANG_WARN__DUPLICATE_METHOD_MATCH = YES;
				CODE_SIGN_IDENTITY = "iPhone Developer";
				COPY_PHASE_STRIP = NO;
				DEBUG_INFORMATION_FORMAT = dwarf;
				ENABLE_STRICT_OBJC_MSGSEND = YES;
				ENABLE_TESTABILITY = YES;
				GCC_C_LANGUAGE_STANDARD = gnu11;
				GCC_DYNAMIC_NO_PIC = NO;
				GCC_NO_COMMON_BLOCKS = YES;
				GCC_OPTIMIZATION_LEVEL = 0;
				GCC_PREPROCESSOR_DEFINITIONS = (
					"DEBUG=1",
					"$(inherited)",
				);
				GCC_WARN_64_TO_32_BIT_CONVERSION = YES;
				GCC_WARN_ABOUT_RETURN_TYPE = YES_ERROR;
				GCC_WARN_UNDECLARED_SELECTOR = YES;
				GCC_WARN_UNINITIALIZED_AUTOS = YES_AGGRESSIVE;
				GCC_WARN_UNUSED_FUNCTION = YES;
				GCC_WARN_UNUSED_VARIABLE = YES;
				IPHONEOS_DEPLOYMENT_TARGET = 11.3;
				MTL_ENABLE_DEBUG_INFO = YES;
				ONLY_ACTIVE_ARCH = YES;
				SDKROOT = iphoneos;
				SWIFT_ACTIVE_COMPILATION_CONDITIONS = DEBUG;
				SWIFT_OPTIMIZATION_LEVEL = "-Onone";
			};
			name = Debug;
		};
		083D227B2049FC3800977895 /* Release */ = {
			isa = XCBuildConfiguration;
			buildSettings = {
				ALWAYS_SEARCH_USER_PATHS = NO;
				CLANG_ANALYZER_NONNULL = YES;
				CLANG_ANALYZER_NUMBER_OBJECT_CONVERSION = YES_AGGRESSIVE;
				CLANG_CXX_LANGUAGE_STANDARD = "gnu++14";
				CLANG_CXX_LIBRARY = "libc++";
				CLANG_ENABLE_MODULES = YES;
				CLANG_ENABLE_OBJC_ARC = YES;
				CLANG_WARN_BLOCK_CAPTURE_AUTORELEASING = YES;
				CLANG_WARN_BOOL_CONVERSION = YES;
				CLANG_WARN_COMMA = YES;
				CLANG_WARN_CONSTANT_CONVERSION = YES;
				CLANG_WARN_DEPRECATED_OBJC_IMPLEMENTATIONS = YES;
				CLANG_WARN_DIRECT_OBJC_ISA_USAGE = YES_ERROR;
				CLANG_WARN_DOCUMENTATION_COMMENTS = YES;
				CLANG_WARN_EMPTY_BODY = YES;
				CLANG_WARN_ENUM_CONVERSION = YES;
				CLANG_WARN_INFINITE_RECURSION = YES;
				CLANG_WARN_INT_CONVERSION = YES;
				CLANG_WARN_NON_LITERAL_NULL_CONVERSION = YES;
				CLANG_WARN_OBJC_IMPLICIT_RETAIN_SELF = YES;
				CLANG_WARN_OBJC_LITERAL_CONVERSION = YES;
				CLANG_WARN_OBJC_ROOT_CLASS = YES_ERROR;
				CLANG_WARN_RANGE_LOOP_ANALYSIS = YES;
				CLANG_WARN_STRICT_PROTOTYPES = YES;
				CLANG_WARN_SUSPICIOUS_MOVE = YES;
				CLANG_WARN_UNGUARDED_AVAILABILITY = YES_AGGRESSIVE;
				CLANG_WARN_UNREACHABLE_CODE = YES;
				CLANG_WARN__DUPLICATE_METHOD_MATCH = YES;
				CODE_SIGN_IDENTITY = "iPhone Developer";
				COPY_PHASE_STRIP = NO;
				DEBUG_INFORMATION_FORMAT = "dwarf-with-dsym";
				ENABLE_NS_ASSERTIONS = NO;
				ENABLE_STRICT_OBJC_MSGSEND = YES;
				GCC_C_LANGUAGE_STANDARD = gnu11;
				GCC_NO_COMMON_BLOCKS = YES;
				GCC_WARN_64_TO_32_BIT_CONVERSION = YES;
				GCC_WARN_ABOUT_RETURN_TYPE = YES_ERROR;
				GCC_WARN_UNDECLARED_SELECTOR = YES;
				GCC_WARN_UNINITIALIZED_AUTOS = YES_AGGRESSIVE;
				GCC_WARN_UNUSED_FUNCTION = YES;
				GCC_WARN_UNUSED_VARIABLE = YES;
				IPHONEOS_DEPLOYMENT_TARGET = 11.3;
				MTL_ENABLE_DEBUG_INFO = NO;
				SDKROOT = iphoneos;
				SWIFT_OPTIMIZATION_LEVEL = "-Owholemodule";
				VALIDATE_PRODUCT = YES;
			};
			name = Release;
		};
		083D227D2049FC3800977895 /* Debug */ = {
			isa = XCBuildConfiguration;
			baseConfigurationReference = 0782AD774EB90162B2781E14 /* Pods-pam.debug.xcconfig */;
			buildSettings = {
				ASSETCATALOG_COMPILER_APPICON_NAME = AppIcon;
				CODE_SIGN_STYLE = Automatic;
				DEVELOPMENT_TEAM = V9858W9DAL;
				INFOPLIST_FILE = "$(SRCROOT)/pam/Supporting Files/Info.plist";
				LD_RUNPATH_SEARCH_PATHS = "$(inherited) @executable_path/Frameworks";
				PRODUCT_BUNDLE_IDENTIFIER = com.krskibin.pam;
				PRODUCT_NAME = "$(TARGET_NAME)";
				SWIFT_VERSION = 4.0;
				TARGETED_DEVICE_FAMILY = "1,2";
			};
			name = Debug;
		};
		083D227E2049FC3800977895 /* Release */ = {
			isa = XCBuildConfiguration;
			baseConfigurationReference = 9597106F4C5782C45169EF2B /* Pods-pam.release.xcconfig */;
			buildSettings = {
				ASSETCATALOG_COMPILER_APPICON_NAME = AppIcon;
				CODE_SIGN_STYLE = Automatic;
				DEVELOPMENT_TEAM = V9858W9DAL;
				INFOPLIST_FILE = "$(SRCROOT)/pam/Supporting Files/Info.plist";
				LD_RUNPATH_SEARCH_PATHS = "$(inherited) @executable_path/Frameworks";
				PRODUCT_BUNDLE_IDENTIFIER = com.krskibin.pam;
				PRODUCT_NAME = "$(TARGET_NAME)";
				SWIFT_VERSION = 4.0;
				TARGETED_DEVICE_FAMILY = "1,2";
			};
			name = Release;
		};
		083D22802049FC3800977895 /* Debug */ = {
			isa = XCBuildConfiguration;
			baseConfigurationReference = B2DE4F8B1B45C698CAAFE40C /* Pods-pamTests.debug.xcconfig */;
			buildSettings = {
				ALWAYS_EMBED_SWIFT_STANDARD_LIBRARIES = YES;
				BUNDLE_LOADER = "$(TEST_HOST)";
				CODE_SIGN_STYLE = Automatic;
				DEVELOPMENT_TEAM = HZ4WC7NY4S;
				INFOPLIST_FILE = pamTests/Info.plist;
				LD_RUNPATH_SEARCH_PATHS = "$(inherited) @executable_path/Frameworks @loader_path/Frameworks";
				PRODUCT_BUNDLE_IDENTIFIER = com.krskibin.pamTests;
				PRODUCT_NAME = "$(TARGET_NAME)";
				SWIFT_VERSION = 4.0;
				TARGETED_DEVICE_FAMILY = "1,2";
				TEST_HOST = "$(BUILT_PRODUCTS_DIR)/pam.app/pam";
			};
			name = Debug;
		};
		083D22812049FC3800977895 /* Release */ = {
			isa = XCBuildConfiguration;
			baseConfigurationReference = C5CE8D2AF3DB6CF966903FA0 /* Pods-pamTests.release.xcconfig */;
			buildSettings = {
				ALWAYS_EMBED_SWIFT_STANDARD_LIBRARIES = YES;
				BUNDLE_LOADER = "$(TEST_HOST)";
				CODE_SIGN_STYLE = Automatic;
				DEVELOPMENT_TEAM = HZ4WC7NY4S;
				INFOPLIST_FILE = pamTests/Info.plist;
				LD_RUNPATH_SEARCH_PATHS = "$(inherited) @executable_path/Frameworks @loader_path/Frameworks";
				PRODUCT_BUNDLE_IDENTIFIER = com.krskibin.pamTests;
				PRODUCT_NAME = "$(TARGET_NAME)";
				SWIFT_VERSION = 4.0;
				TARGETED_DEVICE_FAMILY = "1,2";
				TEST_HOST = "$(BUILT_PRODUCTS_DIR)/pam.app/pam";
			};
			name = Release;
		};
		083D22832049FC3800977895 /* Debug */ = {
			isa = XCBuildConfiguration;
			baseConfigurationReference = 1A8F6652FE9B58F01EDE22BB /* Pods-pamUITests.debug.xcconfig */;
			buildSettings = {
				ALWAYS_EMBED_SWIFT_STANDARD_LIBRARIES = YES;
				"CODE_SIGN_IDENTITY[sdk=iphoneos*]" = "iPhone Developer";
				CODE_SIGN_STYLE = Automatic;
				DEVELOPMENT_TEAM = HZ4WC7NY4S;
				INFOPLIST_FILE = pamUITests/Info.plist;
				LD_RUNPATH_SEARCH_PATHS = "$(inherited) @executable_path/Frameworks @loader_path/Frameworks";
				PRODUCT_BUNDLE_IDENTIFIER = com.krskibin.pamUITests;
				PRODUCT_NAME = "$(TARGET_NAME)";
				PROVISIONING_PROFILE = "";
				PROVISIONING_PROFILE_SPECIFIER = "";
				SWIFT_VERSION = 4.0;
				TARGETED_DEVICE_FAMILY = "1,2";
				TEST_TARGET_NAME = pam;
			};
			name = Debug;
		};
		083D22842049FC3800977895 /* Release */ = {
			isa = XCBuildConfiguration;
			baseConfigurationReference = CE4A565F42BACA4721A92A22 /* Pods-pamUITests.release.xcconfig */;
			buildSettings = {
				ALWAYS_EMBED_SWIFT_STANDARD_LIBRARIES = YES;
				"CODE_SIGN_IDENTITY[sdk=iphoneos*]" = "iPhone Developer";
				CODE_SIGN_STYLE = Automatic;
				DEVELOPMENT_TEAM = HZ4WC7NY4S;
				INFOPLIST_FILE = pamUITests/Info.plist;
				LD_RUNPATH_SEARCH_PATHS = "$(inherited) @executable_path/Frameworks @loader_path/Frameworks";
				PRODUCT_BUNDLE_IDENTIFIER = com.krskibin.pamUITests;
				PRODUCT_NAME = "$(TARGET_NAME)";
				PROVISIONING_PROFILE = "";
				PROVISIONING_PROFILE_SPECIFIER = "";
				SWIFT_VERSION = 4.0;
				TARGETED_DEVICE_FAMILY = "1,2";
				TEST_TARGET_NAME = pam;
			};
			name = Release;
		};
/* End XCBuildConfiguration section */

/* Begin XCConfigurationList section */
		083D224D2049FC3800977895 /* Build configuration list for PBXProject "pam" */ = {
			isa = XCConfigurationList;
			buildConfigurations = (
				083D227A2049FC3800977895 /* Debug */,
				083D227B2049FC3800977895 /* Release */,
			);
			defaultConfigurationIsVisible = 0;
			defaultConfigurationName = Release;
		};
		083D227C2049FC3800977895 /* Build configuration list for PBXNativeTarget "pam" */ = {
			isa = XCConfigurationList;
			buildConfigurations = (
				083D227D2049FC3800977895 /* Debug */,
				083D227E2049FC3800977895 /* Release */,
			);
			defaultConfigurationIsVisible = 0;
			defaultConfigurationName = Release;
		};
		083D227F2049FC3800977895 /* Build configuration list for PBXNativeTarget "pamTests" */ = {
			isa = XCConfigurationList;
			buildConfigurations = (
				083D22802049FC3800977895 /* Debug */,
				083D22812049FC3800977895 /* Release */,
			);
			defaultConfigurationIsVisible = 0;
			defaultConfigurationName = Release;
		};
		083D22822049FC3800977895 /* Build configuration list for PBXNativeTarget "pamUITests" */ = {
			isa = XCConfigurationList;
			buildConfigurations = (
				083D22832049FC3800977895 /* Debug */,
				083D22842049FC3800977895 /* Release */,
			);
			defaultConfigurationIsVisible = 0;
			defaultConfigurationName = Release;
		};
/* End XCConfigurationList section */
	};
	rootObject = 083D224A2049FC3800977895 /* Project object */;
}
